// !$*UTF8*$!
{
	archiveVersion = 1;
	classes = {
	};
	objectVersion = 50;
	objects = {

/* Begin PBXBuildFile section */
		4F388152228E438400C70C07 /* Plant+CoreDataClass.swift in Sources */ = {isa = PBXBuildFile; fileRef = 4F38814E228E438400C70C07 /* Plant+CoreDataClass.swift */; };
		4F388153228E438400C70C07 /* Plant+CoreDataProperties.swift in Sources */ = {isa = PBXBuildFile; fileRef = 4F38814F228E438400C70C07 /* Plant+CoreDataProperties.swift */; };
		4F388154228E438400C70C07 /* Log+CoreDataClass.swift in Sources */ = {isa = PBXBuildFile; fileRef = 4F388150228E438400C70C07 /* Log+CoreDataClass.swift */; };
		4F388155228E438400C70C07 /* Log+CoreDataProperties.swift in Sources */ = {isa = PBXBuildFile; fileRef = 4F388151228E438400C70C07 /* Log+CoreDataProperties.swift */; };
		4FA265AC228B8CFF002D233D /* CreatePlantVC.swift in Sources */ = {isa = PBXBuildFile; fileRef = 4FA265AB228B8CFF002D233D /* CreatePlantVC.swift */; };
		4FA265AF228C6B13002D233D /* GardenVC.swift in Sources */ = {isa = PBXBuildFile; fileRef = 4FA265AD228C6B13002D233D /* GardenVC.swift */; };
		4FA265B0228C6B13002D233D /* PlantCardCell.swift in Sources */ = {isa = PBXBuildFile; fileRef = 4FA265AE228C6B13002D233D /* PlantCardCell.swift */; };
		4FA265B2228C6B2C002D233D /* CircularProgressBar.swift in Sources */ = {isa = PBXBuildFile; fileRef = 4FA265B1228C6B2C002D233D /* CircularProgressBar.swift */; };
		4FC6A28F229710A10056CD30 /* Assets.xcassets in Resources */ = {isa = PBXBuildFile; fileRef = 4FC6A28E229710A10056CD30 /* Assets.xcassets */; };
		4FC6A294229888920056CD30 /* CardView.swift in Sources */ = {isa = PBXBuildFile; fileRef = 4FC6A293229888920056CD30 /* CardView.swift */; };
		4FC6A29822988D5D0056CD30 /* RoundedImageView.swift in Sources */ = {isa = PBXBuildFile; fileRef = 4FC6A29722988D5D0056CD30 /* RoundedImageView.swift */; };
		CB0E0E6F2284BB1900AC6566 /* AppDelegate.swift in Sources */ = {isa = PBXBuildFile; fileRef = CB0E0E6E2284BB1900AC6566 /* AppDelegate.swift */; };
		CB0E0E772284BB1900AC6566 /* MiniChallenge2_Hortus.xcdatamodeld in Sources */ = {isa = PBXBuildFile; fileRef = CB0E0E752284BB1900AC6566 /* MiniChallenge2_Hortus.xcdatamodeld */; };
		CB0E0E7C2284BB1A00AC6566 /* LaunchScreen.storyboard in Resources */ = {isa = PBXBuildFile; fileRef = CB0E0E7A2284BB1A00AC6566 /* LaunchScreen.storyboard */; };
		CB13A0DA23D524B500DD4778 /* FloweringVC.swift in Sources */ = {isa = PBXBuildFile; fileRef = CB13A0D923D524B500DD4778 /* FloweringVC.swift */; };
		CB13A0DD23D5301E00DD4778 /* FrequencyInformation.swift in Sources */ = {isa = PBXBuildFile; fileRef = CB13A0DC23D5301E00DD4778 /* FrequencyInformation.swift */; };
		CB13A0DF23D5304100DD4778 /* LastActionInformation.swift in Sources */ = {isa = PBXBuildFile; fileRef = CB13A0DE23D5304100DD4778 /* LastActionInformation.swift */; };
		CB13A0E123D5325200DD4778 /* FrequencyCell.swift in Sources */ = {isa = PBXBuildFile; fileRef = CB13A0E023D5325200DD4778 /* FrequencyCell.swift */; };
		CB13A0E323D5326400DD4778 /* LastActionCell.swift in Sources */ = {isa = PBXBuildFile; fileRef = CB13A0E223D5326400DD4778 /* LastActionCell.swift */; };
		CB13A0E523D5529700DD4778 /* HarvestingVC.swift in Sources */ = {isa = PBXBuildFile; fileRef = CB13A0E423D5529700DD4778 /* HarvestingVC.swift */; };
		CB13A0E723D5551400DD4778 /* SunExposureVC.swift in Sources */ = {isa = PBXBuildFile; fileRef = CB13A0E623D5551400DD4778 /* SunExposureVC.swift */; };
		CB13A0E923D5555F00DD4778 /* FertilizingVC.swift in Sources */ = {isa = PBXBuildFile; fileRef = CB13A0E823D5555F00DD4778 /* FertilizingVC.swift */; };
		CB13A0EB23D5558C00DD4778 /* WateringVC.swift in Sources */ = {isa = PBXBuildFile; fileRef = CB13A0EA23D5558C00DD4778 /* WateringVC.swift */; };
		CB13A0ED23D5561400DD4778 /* PruningVC.swift in Sources */ = {isa = PBXBuildFile; fileRef = CB13A0EC23D5561400DD4778 /* PruningVC.swift */; };
		CB13A0EF23D5567600DD4778 /* PesticideVC.swift in Sources */ = {isa = PBXBuildFile; fileRef = CB13A0EE23D5567600DD4778 /* PesticideVC.swift */; };
		CB37880423D27560001B2479 /* NameCreatePlantCell.swift in Sources */ = {isa = PBXBuildFile; fileRef = CB37880323D27560001B2479 /* NameCreatePlantCell.swift */; };
		CB37880623D275B9001B2479 /* NameInformation.swift in Sources */ = {isa = PBXBuildFile; fileRef = CB37880523D275B9001B2479 /* NameInformation.swift */; };
		CB773B9023D66223006F9B23 /* PickerViewCell.swift in Sources */ = {isa = PBXBuildFile; fileRef = CB773B8F23D66223006F9B23 /* PickerViewCell.swift */; };
		CB773B9223D6625A006F9B23 /* PickerInformation.swift in Sources */ = {isa = PBXBuildFile; fileRef = CB773B9123D6625A006F9B23 /* PickerInformation.swift */; };
		CB7E50B523D1F874002DCA45 /* TaskCreatePlantCell.swift in Sources */ = {isa = PBXBuildFile; fileRef = CB7E50B423D1F874002DCA45 /* TaskCreatePlantCell.swift */; };
		CB7E50B723D1F9F5002DCA45 /* TaskInformation.swift in Sources */ = {isa = PBXBuildFile; fileRef = CB7E50B623D1F9F5002DCA45 /* TaskInformation.swift */; };
		CB7E50BB23D23F3D002DCA45 /* PhotoCreatePlantCell.swift in Sources */ = {isa = PBXBuildFile; fileRef = CB7E50BA23D23F3D002DCA45 /* PhotoCreatePlantCell.swift */; };
		CB7E50BE23D23F92002DCA45 /* PhotoInformation.swift in Sources */ = {isa = PBXBuildFile; fileRef = CB7E50BD23D23F92002DCA45 /* PhotoInformation.swift */; };
		CBC187A7228B5B6600D01A7E /* CollectionViewController.swift in Sources */ = {isa = PBXBuildFile; fileRef = CBC187A6228B5B6600D01A7E /* CollectionViewController.swift */; };
		CBD1009123D5F2910079C753 /* DatePickerViewCell.swift in Sources */ = {isa = PBXBuildFile; fileRef = CBD1009023D5F2910079C753 /* DatePickerViewCell.swift */; };
		CBD1009323D5F2E70079C753 /* DatePickerInformation.swift in Sources */ = {isa = PBXBuildFile; fileRef = CBD1009223D5F2E70079C753 /* DatePickerInformation.swift */; };
		CBD3DD7D23CD1BA4009BB2A1 /* CustomLabel.swift in Sources */ = {isa = PBXBuildFile; fileRef = CBD3DD7C23CD1BA4009BB2A1 /* CustomLabel.swift */; };
		CBD6924723CCF1A0003D9864 /* Extensions.swift in Sources */ = {isa = PBXBuildFile; fileRef = CBD6924623CCF19F003D9864 /* Extensions.swift */; };
		CBD6924A23CCF9A3003D9864 /* GardenVCHandler.swift in Sources */ = {isa = PBXBuildFile; fileRef = CBD6924923CCF9A3003D9864 /* GardenVCHandler.swift */; };
/* End PBXBuildFile section */

/* Begin PBXFileReference section */
		4F38814E228E438400C70C07 /* Plant+CoreDataClass.swift */ = {isa = PBXFileReference; lastKnownFileType = sourcecode.swift; path = "Plant+CoreDataClass.swift"; sourceTree = "<group>"; };
		4F38814F228E438400C70C07 /* Plant+CoreDataProperties.swift */ = {isa = PBXFileReference; lastKnownFileType = sourcecode.swift; path = "Plant+CoreDataProperties.swift"; sourceTree = "<group>"; };
		4F388150228E438400C70C07 /* Log+CoreDataClass.swift */ = {isa = PBXFileReference; lastKnownFileType = sourcecode.swift; path = "Log+CoreDataClass.swift"; sourceTree = "<group>"; };
		4F388151228E438400C70C07 /* Log+CoreDataProperties.swift */ = {isa = PBXFileReference; lastKnownFileType = sourcecode.swift; path = "Log+CoreDataProperties.swift"; sourceTree = "<group>"; };
		4FA265AB228B8CFF002D233D /* CreatePlantVC.swift */ = {isa = PBXFileReference; lastKnownFileType = sourcecode.swift; path = CreatePlantVC.swift; sourceTree = "<group>"; };
		4FA265AD228C6B13002D233D /* GardenVC.swift */ = {isa = PBXFileReference; fileEncoding = 4; lastKnownFileType = sourcecode.swift; path = GardenVC.swift; sourceTree = "<group>"; };
		4FA265AE228C6B13002D233D /* PlantCardCell.swift */ = {isa = PBXFileReference; fileEncoding = 4; lastKnownFileType = sourcecode.swift; path = PlantCardCell.swift; sourceTree = "<group>"; };
		4FA265B1228C6B2C002D233D /* CircularProgressBar.swift */ = {isa = PBXFileReference; fileEncoding = 4; lastKnownFileType = sourcecode.swift; path = CircularProgressBar.swift; sourceTree = "<group>"; };
		4FC6A28E229710A10056CD30 /* Assets.xcassets */ = {isa = PBXFileReference; lastKnownFileType = folder.assetcatalog; path = Assets.xcassets; sourceTree = "<group>"; };
		4FC6A293229888920056CD30 /* CardView.swift */ = {isa = PBXFileReference; lastKnownFileType = sourcecode.swift; path = CardView.swift; sourceTree = "<group>"; };
		4FC6A29722988D5D0056CD30 /* RoundedImageView.swift */ = {isa = PBXFileReference; lastKnownFileType = sourcecode.swift; path = RoundedImageView.swift; sourceTree = "<group>"; };
		CB0E0E6B2284BB1900AC6566 /* MiniChallenge2_Hortus.app */ = {isa = PBXFileReference; explicitFileType = wrapper.application; includeInIndex = 0; path = MiniChallenge2_Hortus.app; sourceTree = BUILT_PRODUCTS_DIR; };
		CB0E0E6E2284BB1900AC6566 /* AppDelegate.swift */ = {isa = PBXFileReference; lastKnownFileType = sourcecode.swift; path = AppDelegate.swift; sourceTree = "<group>"; };
		CB0E0E762284BB1900AC6566 /* MiniChallenge2_Hortus.xcdatamodel */ = {isa = PBXFileReference; lastKnownFileType = wrapper.xcdatamodel; path = MiniChallenge2_Hortus.xcdatamodel; sourceTree = "<group>"; };
		CB0E0E7B2284BB1A00AC6566 /* Base */ = {isa = PBXFileReference; lastKnownFileType = file.storyboard; name = Base; path = Base.lproj/LaunchScreen.storyboard; sourceTree = "<group>"; };
		CB0E0E7D2284BB1A00AC6566 /* Info.plist */ = {isa = PBXFileReference; lastKnownFileType = text.plist.xml; path = Info.plist; sourceTree = "<group>"; };
		CB13A0D923D524B500DD4778 /* FloweringVC.swift */ = {isa = PBXFileReference; lastKnownFileType = sourcecode.swift; path = FloweringVC.swift; sourceTree = "<group>"; };
		CB13A0DC23D5301E00DD4778 /* FrequencyInformation.swift */ = {isa = PBXFileReference; lastKnownFileType = sourcecode.swift; path = FrequencyInformation.swift; sourceTree = "<group>"; };
		CB13A0DE23D5304100DD4778 /* LastActionInformation.swift */ = {isa = PBXFileReference; lastKnownFileType = sourcecode.swift; path = LastActionInformation.swift; sourceTree = "<group>"; };
		CB13A0E023D5325200DD4778 /* FrequencyCell.swift */ = {isa = PBXFileReference; lastKnownFileType = sourcecode.swift; path = FrequencyCell.swift; sourceTree = "<group>"; };
		CB13A0E223D5326400DD4778 /* LastActionCell.swift */ = {isa = PBXFileReference; lastKnownFileType = sourcecode.swift; path = LastActionCell.swift; sourceTree = "<group>"; };
		CB13A0E423D5529700DD4778 /* HarvestingVC.swift */ = {isa = PBXFileReference; lastKnownFileType = sourcecode.swift; path = HarvestingVC.swift; sourceTree = "<group>"; };
		CB13A0E623D5551400DD4778 /* SunExposureVC.swift */ = {isa = PBXFileReference; lastKnownFileType = sourcecode.swift; path = SunExposureVC.swift; sourceTree = "<group>"; };
		CB13A0E823D5555F00DD4778 /* FertilizingVC.swift */ = {isa = PBXFileReference; lastKnownFileType = sourcecode.swift; path = FertilizingVC.swift; sourceTree = "<group>"; };
		CB13A0EA23D5558C00DD4778 /* WateringVC.swift */ = {isa = PBXFileReference; lastKnownFileType = sourcecode.swift; path = WateringVC.swift; sourceTree = "<group>"; };
		CB13A0EC23D5561400DD4778 /* PruningVC.swift */ = {isa = PBXFileReference; lastKnownFileType = sourcecode.swift; path = PruningVC.swift; sourceTree = "<group>"; };
		CB13A0EE23D5567600DD4778 /* PesticideVC.swift */ = {isa = PBXFileReference; lastKnownFileType = sourcecode.swift; path = PesticideVC.swift; sourceTree = "<group>"; };
		CB37880323D27560001B2479 /* NameCreatePlantCell.swift */ = {isa = PBXFileReference; lastKnownFileType = sourcecode.swift; path = NameCreatePlantCell.swift; sourceTree = "<group>"; };
		CB37880523D275B9001B2479 /* NameInformation.swift */ = {isa = PBXFileReference; lastKnownFileType = sourcecode.swift; path = NameInformation.swift; sourceTree = "<group>"; };
		CB773B8F23D66223006F9B23 /* PickerViewCell.swift */ = {isa = PBXFileReference; lastKnownFileType = sourcecode.swift; path = PickerViewCell.swift; sourceTree = "<group>"; };
		CB773B9123D6625A006F9B23 /* PickerInformation.swift */ = {isa = PBXFileReference; lastKnownFileType = sourcecode.swift; path = PickerInformation.swift; sourceTree = "<group>"; };
		CB7E50B423D1F874002DCA45 /* TaskCreatePlantCell.swift */ = {isa = PBXFileReference; lastKnownFileType = sourcecode.swift; path = TaskCreatePlantCell.swift; sourceTree = "<group>"; };
		CB7E50B623D1F9F5002DCA45 /* TaskInformation.swift */ = {isa = PBXFileReference; lastKnownFileType = sourcecode.swift; path = TaskInformation.swift; sourceTree = "<group>"; };
		CB7E50BA23D23F3D002DCA45 /* PhotoCreatePlantCell.swift */ = {isa = PBXFileReference; lastKnownFileType = sourcecode.swift; path = PhotoCreatePlantCell.swift; sourceTree = "<group>"; };
		CB7E50BD23D23F92002DCA45 /* PhotoInformation.swift */ = {isa = PBXFileReference; lastKnownFileType = sourcecode.swift; path = PhotoInformation.swift; sourceTree = "<group>"; };
		CBC187A6228B5B6600D01A7E /* CollectionViewController.swift */ = {isa = PBXFileReference; lastKnownFileType = sourcecode.swift; path = CollectionViewController.swift; sourceTree = "<group>"; };
		CBD1009023D5F2910079C753 /* DatePickerViewCell.swift */ = {isa = PBXFileReference; lastKnownFileType = sourcecode.swift; path = DatePickerViewCell.swift; sourceTree = "<group>"; };
		CBD1009223D5F2E70079C753 /* DatePickerInformation.swift */ = {isa = PBXFileReference; lastKnownFileType = sourcecode.swift; path = DatePickerInformation.swift; sourceTree = "<group>"; };
		CBD3DD7C23CD1BA4009BB2A1 /* CustomLabel.swift */ = {isa = PBXFileReference; lastKnownFileType = sourcecode.swift; path = CustomLabel.swift; sourceTree = "<group>"; };
		CBD6924623CCF19F003D9864 /* Extensions.swift */ = {isa = PBXFileReference; lastKnownFileType = sourcecode.swift; path = Extensions.swift; sourceTree = "<group>"; };
		CBD6924923CCF9A3003D9864 /* GardenVCHandler.swift */ = {isa = PBXFileReference; lastKnownFileType = sourcecode.swift; path = GardenVCHandler.swift; sourceTree = "<group>"; };
/* End PBXFileReference section */

/* Begin PBXFrameworksBuildPhase section */
		CB0E0E682284BB1900AC6566 /* Frameworks */ = {
			isa = PBXFrameworksBuildPhase;
			buildActionMask = 2147483647;
			files = (
			);
			runOnlyForDeploymentPostprocessing = 0;
		};
/* End PBXFrameworksBuildPhase section */

/* Begin PBXGroup section */
		4FA265A3228B6138002D233D /* Models */ = {
			isa = PBXGroup;
			children = (
				4F38814E228E438400C70C07 /* Plant+CoreDataClass.swift */,
				4F38814F228E438400C70C07 /* Plant+CoreDataProperties.swift */,
				4F388150228E438400C70C07 /* Log+CoreDataClass.swift */,
				4F388151228E438400C70C07 /* Log+CoreDataProperties.swift */,
			);
			path = Models;
			sourceTree = "<group>";
		};
		4FA265A6228B616B002D233D /* Controllers */ = {
			isa = PBXGroup;
			children = (
				4FA265AD228C6B13002D233D /* GardenVC.swift */,
				4FA265AB228B8CFF002D233D /* CreatePlantVC.swift */,
				CB13A0D823D523F800DD4778 /* TasksViewControllers */,
			);
			path = Controllers;
			sourceTree = "<group>";
		};
		CB0E0E622284BB1800AC6566 = {
			isa = PBXGroup;
			children = (
				CB0E0E6D2284BB1900AC6566 /* MiniChallenge2_Hortus */,
			);
			sourceTree = "<group>";
		};
		CB0E0E6C2284BB1900AC6566 /* Products */ = {
			isa = PBXGroup;
			children = (
				CB0E0E6B2284BB1900AC6566 /* MiniChallenge2_Hortus.app */,
			);
			name = Products;
			path = ..;
			sourceTree = "<group>";
		};
		CB0E0E6D2284BB1900AC6566 /* MiniChallenge2_Hortus */ = {
			isa = PBXGroup;
			children = (
				CB0E0E6E2284BB1900AC6566 /* AppDelegate.swift */,
				4FC6A28E229710A10056CD30 /* Assets.xcassets */,
				CBD6924823CCF983003D9864 /* Delegates */,
				CBD6924323CCEF78003D9864 /* Helpers */,
				4FA265A3228B6138002D233D /* Models */,
				4FA265A6228B616B002D233D /* Controllers */,
				CBD3DD7E23CD1C84009BB2A1 /* Views */,
				CB0E0E6C2284BB1900AC6566 /* Products */,
				CB7E50B323D1F7E1002DCA45 /* UI Elements */,
				CB0E0E7A2284BB1A00AC6566 /* LaunchScreen.storyboard */,
				CB0E0E7D2284BB1A00AC6566 /* Info.plist */,
				CB0E0E752284BB1900AC6566 /* MiniChallenge2_Hortus.xcdatamodeld */,
				CBC187A6228B5B6600D01A7E /* CollectionViewController.swift */,
			);
			path = MiniChallenge2_Hortus;
			sourceTree = "<group>";
		};
		CB13A0D823D523F800DD4778 /* TasksViewControllers */ = {
			isa = PBXGroup;
			children = (
				CB13A0D923D524B500DD4778 /* FloweringVC.swift */,
				CB13A0E423D5529700DD4778 /* HarvestingVC.swift */,
				CB13A0EA23D5558C00DD4778 /* WateringVC.swift */,
				CB13A0E623D5551400DD4778 /* SunExposureVC.swift */,
				CB13A0E823D5555F00DD4778 /* FertilizingVC.swift */,
				CB13A0EE23D5567600DD4778 /* PesticideVC.swift */,
				CB13A0EC23D5561400DD4778 /* PruningVC.swift */,
			);
			path = TasksViewControllers;
			sourceTree = "<group>";
		};
		CB13A0DB23D52ED900DD4778 /* TasksCreatePlantCells */ = {
			isa = PBXGroup;
			children = (
				CB13A0E023D5325200DD4778 /* FrequencyCell.swift */,
				CB13A0E223D5326400DD4778 /* LastActionCell.swift */,
				CBD1009023D5F2910079C753 /* DatePickerViewCell.swift */,
				CB773B8F23D66223006F9B23 /* PickerViewCell.swift */,
			);
			path = TasksCreatePlantCells;
			sourceTree = "<group>";
		};
		CB7E50B323D1F7E1002DCA45 /* UI Elements */ = {
			isa = PBXGroup;
			children = (
				4FA265B1228C6B2C002D233D /* CircularProgressBar.swift */,
				4FC6A29722988D5D0056CD30 /* RoundedImageView.swift */,
				CBD3DD7C23CD1BA4009BB2A1 /* CustomLabel.swift */,
			);
			path = "UI Elements";
			sourceTree = "<group>";
		};
		CB7E50BC23D23F5F002DCA45 /* CreatePlantCells */ = {
			isa = PBXGroup;
			children = (
				CB37880323D27560001B2479 /* NameCreatePlantCell.swift */,
				CB7E50BA23D23F3D002DCA45 /* PhotoCreatePlantCell.swift */,
				CB7E50B423D1F874002DCA45 /* TaskCreatePlantCell.swift */,
			);
			path = CreatePlantCells;
			sourceTree = "<group>";
		};
		CBD3DD7E23CD1C84009BB2A1 /* Views */ = {
			isa = PBXGroup;
			children = (
				4FC6A293229888920056CD30 /* CardView.swift */,
				4FA265AE228C6B13002D233D /* PlantCardCell.swift */,
				CB7E50BC23D23F5F002DCA45 /* CreatePlantCells */,
				CB13A0DB23D52ED900DD4778 /* TasksCreatePlantCells */,
			);
			path = Views;
			sourceTree = "<group>";
		};
		CBD6924323CCEF78003D9864 /* Helpers */ = {
			isa = PBXGroup;
			children = (
				CBD6924623CCF19F003D9864 /* Extensions.swift */,
				CBD1009223D5F2E70079C753 /* DatePickerInformation.swift */,
				CB13A0DC23D5301E00DD4778 /* FrequencyInformation.swift */,
				CB13A0DE23D5304100DD4778 /* LastActionInformation.swift */,
				CB37880523D275B9001B2479 /* NameInformation.swift */,
				CB7E50BD23D23F92002DCA45 /* PhotoInformation.swift */,
				CB773B9123D6625A006F9B23 /* PickerInformation.swift */,
				CB7E50B623D1F9F5002DCA45 /* TaskInformation.swift */,
			);
			path = Helpers;
			sourceTree = "<group>";
		};
		CBD6924823CCF983003D9864 /* Delegates */ = {
			isa = PBXGroup;
			children = (
				CBD6924923CCF9A3003D9864 /* GardenVCHandler.swift */,
			);
			path = Delegates;
			sourceTree = "<group>";
		};
/* End PBXGroup section */

/* Begin PBXNativeTarget section */
		CB0E0E6A2284BB1900AC6566 /* MiniChallenge2_Hortus */ = {
			isa = PBXNativeTarget;
			buildConfigurationList = CB0E0E802284BB1A00AC6566 /* Build configuration list for PBXNativeTarget "MiniChallenge2_Hortus" */;
			buildPhases = (
				CB0E0E672284BB1900AC6566 /* Sources */,
				CB0E0E682284BB1900AC6566 /* Frameworks */,
				CB0E0E692284BB1900AC6566 /* Resources */,
			);
			buildRules = (
			);
			dependencies = (
			);
			name = MiniChallenge2_Hortus;
			productName = MiniChallenge2_Hortus;
			productReference = CB0E0E6B2284BB1900AC6566 /* MiniChallenge2_Hortus.app */;
			productType = "com.apple.product-type.application";
		};
/* End PBXNativeTarget section */

/* Begin PBXProject section */
		CB0E0E632284BB1800AC6566 /* Project object */ = {
			isa = PBXProject;
			attributes = {
				LastSwiftUpdateCheck = 1020;
				LastUpgradeCheck = 1020;
				ORGANIZATIONNAME = Hortus;
				TargetAttributes = {
					CB0E0E6A2284BB1900AC6566 = {
						CreatedOnToolsVersion = 10.2.1;
					};
				};
			};
			buildConfigurationList = CB0E0E662284BB1800AC6566 /* Build configuration list for PBXProject "MiniChallenge2_Hortus" */;
			compatibilityVersion = "Xcode 9.3";
			developmentRegion = en;
			hasScannedForEncodings = 0;
			knownRegions = (
				en,
				Base,
			);
			mainGroup = CB0E0E622284BB1800AC6566;
			productRefGroup = CB0E0E6C2284BB1900AC6566 /* Products */;
			projectDirPath = "";
			projectRoot = "";
			targets = (
				CB0E0E6A2284BB1900AC6566 /* MiniChallenge2_Hortus */,
			);
		};
/* End PBXProject section */

/* Begin PBXResourcesBuildPhase section */
		CB0E0E692284BB1900AC6566 /* Resources */ = {
			isa = PBXResourcesBuildPhase;
			buildActionMask = 2147483647;
			files = (
				CB0E0E7C2284BB1A00AC6566 /* LaunchScreen.storyboard in Resources */,
				4FC6A28F229710A10056CD30 /* Assets.xcassets in Resources */,
			);
			runOnlyForDeploymentPostprocessing = 0;
		};
/* End PBXResourcesBuildPhase section */

/* Begin PBXSourcesBuildPhase section */
		CB0E0E672284BB1900AC6566 /* Sources */ = {
			isa = PBXSourcesBuildPhase;
			buildActionMask = 2147483647;
			files = (
				4FC6A29822988D5D0056CD30 /* RoundedImageView.swift in Sources */,
				CB13A0DA23D524B500DD4778 /* FloweringVC.swift in Sources */,
				CB13A0EF23D5567600DD4778 /* PesticideVC.swift in Sources */,
				CBC187A7228B5B6600D01A7E /* CollectionViewController.swift in Sources */,
				CB37880423D27560001B2479 /* NameCreatePlantCell.swift in Sources */,
				CBD3DD7D23CD1BA4009BB2A1 /* CustomLabel.swift in Sources */,
				CB13A0E523D5529700DD4778 /* HarvestingVC.swift in Sources */,
				CB13A0ED23D5561400DD4778 /* PruningVC.swift in Sources */,
				CB13A0DD23D5301E00DD4778 /* FrequencyInformation.swift in Sources */,
				4FA265AF228C6B13002D233D /* GardenVC.swift in Sources */,
				4F388153228E438400C70C07 /* Plant+CoreDataProperties.swift in Sources */,
				CB13A0E123D5325200DD4778 /* FrequencyCell.swift in Sources */,
				CB13A0E323D5326400DD4778 /* LastActionCell.swift in Sources */,
				CB13A0E923D5555F00DD4778 /* FertilizingVC.swift in Sources */,
				4FC6A294229888920056CD30 /* CardView.swift in Sources */,
				CB7E50BB23D23F3D002DCA45 /* PhotoCreatePlantCell.swift in Sources */,
				CB0E0E772284BB1900AC6566 /* MiniChallenge2_Hortus.xcdatamodeld in Sources */,
				CB7E50BE23D23F92002DCA45 /* PhotoInformation.swift in Sources */,
				CB13A0EB23D5558C00DD4778 /* WateringVC.swift in Sources */,
				4FA265B0228C6B13002D233D /* PlantCardCell.swift in Sources */,
				4F388154228E438400C70C07 /* Log+CoreDataClass.swift in Sources */,
				CB773B9223D6625A006F9B23 /* PickerInformation.swift in Sources */,
				CB7E50B723D1F9F5002DCA45 /* TaskInformation.swift in Sources */,
				4F388152228E438400C70C07 /* Plant+CoreDataClass.swift in Sources */,
				4FA265AC228B8CFF002D233D /* CreatePlantVC.swift in Sources */,
				CB37880623D275B9001B2479 /* NameInformation.swift in Sources */,
				4FA265B2228C6B2C002D233D /* CircularProgressBar.swift in Sources */,
				CBD1009123D5F2910079C753 /* DatePickerViewCell.swift in Sources */,
				CBD1009323D5F2E70079C753 /* DatePickerInformation.swift in Sources */,
				CBD6924723CCF1A0003D9864 /* Extensions.swift in Sources */,
				4F388155228E438400C70C07 /* Log+CoreDataProperties.swift in Sources */,
				CB13A0DF23D5304100DD4778 /* LastActionInformation.swift in Sources */,
				CB7E50B523D1F874002DCA45 /* TaskCreatePlantCell.swift in Sources */,
				CB773B9023D66223006F9B23 /* PickerViewCell.swift in Sources */,
				CBD6924A23CCF9A3003D9864 /* GardenVCHandler.swift in Sources */,
				CB0E0E6F2284BB1900AC6566 /* AppDelegate.swift in Sources */,
				CB13A0E723D5551400DD4778 /* SunExposureVC.swift in Sources */,
			);
			runOnlyForDeploymentPostprocessing = 0;
		};
/* End PBXSourcesBuildPhase section */

/* Begin PBXVariantGroup section */
		CB0E0E7A2284BB1A00AC6566 /* LaunchScreen.storyboard */ = {
			isa = PBXVariantGroup;
			children = (
				CB0E0E7B2284BB1A00AC6566 /* Base */,
			);
			name = LaunchScreen.storyboard;
			sourceTree = "<group>";
		};
/* End PBXVariantGroup section */

/* Begin XCBuildConfiguration section */
		CB0E0E7E2284BB1A00AC6566 /* Debug */ = {
			isa = XCBuildConfiguration;
			buildSettings = {
				ALWAYS_SEARCH_USER_PATHS = NO;
				CLANG_ANALYZER_NONNULL = YES;
				CLANG_ANALYZER_NUMBER_OBJECT_CONVERSION = YES_AGGRESSIVE;
				CLANG_CXX_LANGUAGE_STANDARD = "gnu++14";
				CLANG_CXX_LIBRARY = "libc++";
				CLANG_ENABLE_MODULES = YES;
				CLANG_ENABLE_OBJC_ARC = YES;
				CLANG_ENABLE_OBJC_WEAK = YES;
				CLANG_WARN_BLOCK_CAPTURE_AUTORELEASING = YES;
				CLANG_WARN_BOOL_CONVERSION = YES;
				CLANG_WARN_COMMA = YES;
				CLANG_WARN_CONSTANT_CONVERSION = YES;
				CLANG_WARN_DEPRECATED_OBJC_IMPLEMENTATIONS = YES;
				CLANG_WARN_DIRECT_OBJC_ISA_USAGE = YES_ERROR;
				CLANG_WARN_DOCUMENTATION_COMMENTS = YES;
				CLANG_WARN_EMPTY_BODY = YES;
				CLANG_WARN_ENUM_CONVERSION = YES;
				CLANG_WARN_INFINITE_RECURSION = YES;
				CLANG_WARN_INT_CONVERSION = YES;
				CLANG_WARN_NON_LITERAL_NULL_CONVERSION = YES;
				CLANG_WARN_OBJC_IMPLICIT_RETAIN_SELF = YES;
				CLANG_WARN_OBJC_LITERAL_CONVERSION = YES;
				CLANG_WARN_OBJC_ROOT_CLASS = YES_ERROR;
				CLANG_WARN_RANGE_LOOP_ANALYSIS = YES;
				CLANG_WARN_STRICT_PROTOTYPES = YES;
				CLANG_WARN_SUSPICIOUS_MOVE = YES;
				CLANG_WARN_UNGUARDED_AVAILABILITY = YES_AGGRESSIVE;
				CLANG_WARN_UNREACHABLE_CODE = YES;
				CLANG_WARN__DUPLICATE_METHOD_MATCH = YES;
				CODE_SIGN_IDENTITY = "iPhone Developer";
				COPY_PHASE_STRIP = NO;
				DEBUG_INFORMATION_FORMAT = dwarf;
				ENABLE_STRICT_OBJC_MSGSEND = YES;
				ENABLE_TESTABILITY = YES;
				GCC_C_LANGUAGE_STANDARD = gnu11;
				GCC_DYNAMIC_NO_PIC = NO;
				GCC_NO_COMMON_BLOCKS = YES;
				GCC_OPTIMIZATION_LEVEL = 0;
				GCC_PREPROCESSOR_DEFINITIONS = (
					"DEBUG=1",
					"$(inherited)",
				);
				GCC_WARN_64_TO_32_BIT_CONVERSION = YES;
				GCC_WARN_ABOUT_RETURN_TYPE = YES_ERROR;
				GCC_WARN_UNDECLARED_SELECTOR = YES;
				GCC_WARN_UNINITIALIZED_AUTOS = YES_AGGRESSIVE;
				GCC_WARN_UNUSED_FUNCTION = YES;
				GCC_WARN_UNUSED_VARIABLE = YES;
				IPHONEOS_DEPLOYMENT_TARGET = 12.2;
				MTL_ENABLE_DEBUG_INFO = INCLUDE_SOURCE;
				MTL_FAST_MATH = YES;
				ONLY_ACTIVE_ARCH = YES;
				SDKROOT = iphoneos;
				SWIFT_ACTIVE_COMPILATION_CONDITIONS = DEBUG;
				SWIFT_OPTIMIZATION_LEVEL = "-Onone";
			};
			name = Debug;
		};
		CB0E0E7F2284BB1A00AC6566 /* Release */ = {
			isa = XCBuildConfiguration;
			buildSettings = {
				ALWAYS_SEARCH_USER_PATHS = NO;
				CLANG_ANALYZER_NONNULL = YES;
				CLANG_ANALYZER_NUMBER_OBJECT_CONVERSION = YES_AGGRESSIVE;
				CLANG_CXX_LANGUAGE_STANDARD = "gnu++14";
				CLANG_CXX_LIBRARY = "libc++";
				CLANG_ENABLE_MODULES = YES;
				CLANG_ENABLE_OBJC_ARC = YES;
				CLANG_ENABLE_OBJC_WEAK = YES;
				CLANG_WARN_BLOCK_CAPTURE_AUTORELEASING = YES;
				CLANG_WARN_BOOL_CONVERSION = YES;
				CLANG_WARN_COMMA = YES;
				CLANG_WARN_CONSTANT_CONVERSION = YES;
				CLANG_WARN_DEPRECATED_OBJC_IMPLEMENTATIONS = YES;
				CLANG_WARN_DIRECT_OBJC_ISA_USAGE = YES_ERROR;
				CLANG_WARN_DOCUMENTATION_COMMENTS = YES;
				CLANG_WARN_EMPTY_BODY = YES;
				CLANG_WARN_ENUM_CONVERSION = YES;
				CLANG_WARN_INFINITE_RECURSION = YES;
				CLANG_WARN_INT_CONVERSION = YES;
				CLANG_WARN_NON_LITERAL_NULL_CONVERSION = YES;
				CLANG_WARN_OBJC_IMPLICIT_RETAIN_SELF = YES;
				CLANG_WARN_OBJC_LITERAL_CONVERSION = YES;
				CLANG_WARN_OBJC_ROOT_CLASS = YES_ERROR;
				CLANG_WARN_RANGE_LOOP_ANALYSIS = YES;
				CLANG_WARN_STRICT_PROTOTYPES = YES;
				CLANG_WARN_SUSPICIOUS_MOVE = YES;
				CLANG_WARN_UNGUARDED_AVAILABILITY = YES_AGGRESSIVE;
				CLANG_WARN_UNREACHABLE_CODE = YES;
				CLANG_WARN__DUPLICATE_METHOD_MATCH = YES;
				CODE_SIGN_IDENTITY = "iPhone Developer";
				COPY_PHASE_STRIP = NO;
				DEBUG_INFORMATION_FORMAT = "dwarf-with-dsym";
				ENABLE_NS_ASSERTIONS = NO;
				ENABLE_STRICT_OBJC_MSGSEND = YES;
				GCC_C_LANGUAGE_STANDARD = gnu11;
				GCC_NO_COMMON_BLOCKS = YES;
				GCC_WARN_64_TO_32_BIT_CONVERSION = YES;
				GCC_WARN_ABOUT_RETURN_TYPE = YES_ERROR;
				GCC_WARN_UNDECLARED_SELECTOR = YES;
				GCC_WARN_UNINITIALIZED_AUTOS = YES_AGGRESSIVE;
				GCC_WARN_UNUSED_FUNCTION = YES;
				GCC_WARN_UNUSED_VARIABLE = YES;
				IPHONEOS_DEPLOYMENT_TARGET = 12.2;
				MTL_ENABLE_DEBUG_INFO = NO;
				MTL_FAST_MATH = YES;
				SDKROOT = iphoneos;
				SWIFT_COMPILATION_MODE = wholemodule;
				SWIFT_OPTIMIZATION_LEVEL = "-O";
				VALIDATE_PRODUCT = YES;
			};
			name = Release;
		};
		CB0E0E812284BB1A00AC6566 /* Debug */ = {
			isa = XCBuildConfiguration;
			buildSettings = {
				ASSETCATALOG_COMPILER_APPICON_NAME = AppIcon;
				CODE_SIGN_STYLE = Automatic;
				CURRENT_PROJECT_VERSION = 6;
				DEVELOPMENT_TEAM = W76FRTKWHT;
				INFOPLIST_FILE = MiniChallenge2_Hortus/Info.plist;
				LD_RUNPATH_SEARCH_PATHS = (
					"$(inherited)",
					"@executable_path/Frameworks",
				);
				PRODUCT_BUNDLE_IDENTIFIER = "com.academy.hortus.MiniChallenge2-Hortus";
				PRODUCT_NAME = "$(TARGET_NAME)";
				SWIFT_VERSION = 5.0;
				TARGETED_DEVICE_FAMILY = "1,2";
			};
			name = Debug;
		};
		CB0E0E822284BB1A00AC6566 /* Release */ = {
			isa = XCBuildConfiguration;
			buildSettings = {
				ASSETCATALOG_COMPILER_APPICON_NAME = AppIcon;
				CODE_SIGN_STYLE = Automatic;
				CURRENT_PROJECT_VERSION = 6;
				DEVELOPMENT_TEAM = W76FRTKWHT;
				INFOPLIST_FILE = MiniChallenge2_Hortus/Info.plist;
				LD_RUNPATH_SEARCH_PATHS = (
					"$(inherited)",
					"@executable_path/Frameworks",
				);
				PRODUCT_BUNDLE_IDENTIFIER = "com.academy.hortus.MiniChallenge2-Hortus";
				PRODUCT_NAME = "$(TARGET_NAME)";
				SWIFT_VERSION = 5.0;
				TARGETED_DEVICE_FAMILY = "1,2";
			};
			name = Release;
		};
/* End XCBuildConfiguration section */

/* Begin XCConfigurationList section */
		CB0E0E662284BB1800AC6566 /* Build configuration list for PBXProject "MiniChallenge2_Hortus" */ = {
			isa = XCConfigurationList;
			buildConfigurations = (
				CB0E0E7E2284BB1A00AC6566 /* Debug */,
				CB0E0E7F2284BB1A00AC6566 /* Release */,
			);
			defaultConfigurationIsVisible = 0;
			defaultConfigurationName = Release;
		};
		CB0E0E802284BB1A00AC6566 /* Build configuration list for PBXNativeTarget "MiniChallenge2_Hortus" */ = {
			isa = XCConfigurationList;
			buildConfigurations = (
				CB0E0E812284BB1A00AC6566 /* Debug */,
				CB0E0E822284BB1A00AC6566 /* Release */,
			);
			defaultConfigurationIsVisible = 0;
			defaultConfigurationName = Release;
		};
/* End XCConfigurationList section */

/* Begin XCVersionGroup section */
		CB0E0E752284BB1900AC6566 /* MiniChallenge2_Hortus.xcdatamodeld */ = {
			isa = XCVersionGroup;
			children = (
				CB0E0E762284BB1900AC6566 /* MiniChallenge2_Hortus.xcdatamodel */,
			);
			currentVersion = CB0E0E762284BB1900AC6566 /* MiniChallenge2_Hortus.xcdatamodel */;
			path = MiniChallenge2_Hortus.xcdatamodeld;
			sourceTree = "<group>";
			versionGroupType = wrapper.xcdatamodel;
		};
/* End XCVersionGroup section */
	};
	rootObject = CB0E0E632284BB1800AC6566 /* Project object */;
}
